github.com/agiledragon/gomonkey/v2 v2.11.0 h1:5oxSgA+tC1xuGsrIorR+sYiziYltmJyEZ9qA25b6l5U=
github.com/agiledragon/gomonkey/v2 v2.11.0/go.mod h1:ap1AmDzcVOAz1YpeJ3TCzIgstoaWLA6jbbgxfB4w2iY=
github.com/davecgh/go-spew v1.1.1 h1:vj9j/u1bqnvCEfJOwUhtlOARqs3+rkHYY13jYWTU97c=
github.com/davecgh/go-spew v1.1.1/go.mod h1:J7Y8YcW2NihsgmVo/mv3lAwl/skON4iLHjSsI+c5H38=
github.com/golang/protobuf v1.5.4 h1:i7eJL8qZTpSEXOPTxNKhASYpMn+8e5Q6AdndVa1dWek=
github.com/golang/protobuf v1.5.4/go.mod h1:lnTiLA8Wa4RWRcIUkrtSVa5nRhsEGBg48fD6rSs7xps=
github.com/google/go-cmp v0.5.5 h1:Khx7svrCpmxxtHBq5j2mp/xVjsi8hQMfNLvJFAlrGgU=
github.com/google/go-cmp v0.5.5/go.mod h1:v8dTdLbMG2kIc/vJvl+f65V22dbkXbowE6jgT/gNBxE=
github.com/jvsteiner/merkle v0.0.0-20180127204300-2864125ed95b h1:ruVBQ76Gkq8hiA8vScwix+tWPEhemwza46XCtjBqyZs=
github.com/jvsteiner/merkle v0.0.0-20180127204300-2864125ed95b/go.mod h1:injdfMLzvonUTqiYpxkzri8PSDOaX3ZlZ3JqPdyke9A=
github.com/onrik/gomerkle v1.0.0 h1:UOwcbb3HK1gRifV3UkbP6iVR7iAyJHB6T6WG5+arMI0=
github.com/onrik/gomerkle v1.0.0/go.mod h1:YXwYzqxF88pP98Dc3EaLKYDbOXtwtSKejPjg5giYOdw=
github.com/pmezard/go-difflib v1.0.0 h1:4DBwDE0NGyQoBHbLQYPwSUPoCMWR5BEzIk/f1lZbAQM=
github.com/pmezard/go-difflib v1.0.0/go.mod h1:iKH77koFhYxTK1pcRnkKkqfTogsbg7gZNVY4sRDYZ/4=
github.com/stretchr/testify v1.2.2 h1:bSDNvY7ZPG5RlJ8otE/7V6gMiyenm9RtJ7IUVIAoJ1w=
github.com/stretchr/testify v1.2.2/go.mod h1:a8OnRcib4nhh0OaRAV+Yts87kKdq0PP7pXfy6kDkUVs=
github.com/txaty/go-merkletree v0.2.2 h1:K5bHDFK+Q3KK+gEJeyTOECKuIwl/LVo4CI+cm0/p34g=
github.com/txaty/go-merkletree v0.2.2/go.mod h1:w5HPEu7ubNw5LzS+91m+1/GtuZcWHKiPU3vEGi+ThJM=
github.com/wealdtech/go-merkletree v1.0.0 h1:DsF1xMzj5rK3pSQM6mPv8jlyJyHXhFxpnA2bwEjMMBY=
github.com/wealdtech/go-merkletree v1.0.0/go.mod h1:cdil512d/8ZC7Kx3bfrDvGMQXB25NTKbsm0rFrmDax4=
github.com/xsleonard/go-merkle v1.1.0 h1:fHe1fuhJjGH22ZzVTAH0jqHLhTGhOq3wQjJN+8P0jQg=
github.com/xsleonard/go-merkle v1.1.0/go.mod h1:cW4z+UZ/4f2n9IJgIiyDCdYguchoDyDAPmpuOWGxdGg=
golang.org/x/crypto v0.55.0 h1:+KWHjbgOaAQ66dh/YlkZKHlz9ZUlq61AFirAR9ntP8M=
golang.org/x/crypto v0.55.0/go.mod h1:uq0V9dE/fzQuJtbnL+2EhWOE63vo164FY8xqEnV9xis=
golang.org/x/sync v0.5.0 h1:60k92dhOjHxJkrqnwsfl8KuaHbn/5dl0lUPUklKo3qE=
golang.org/x/sync v0.5.0/go.mod h1:Czt+wKu1gCyEFDUtn0jG5QVvpJ6rzVqr5aXyt9drQfk=
golang.org/x/sys v0.47.0 h1:o7XGOvZQCADBQQ4Y7VNq2dRWQR7JmOUW8Kxx4ZsNgWs=
golang.org/x/sys v0.47.0/go.mod h1:4GL1E5IUh+htKOUEOaiffhrAeqysfVGipDYzABqnCmw=
golang.org/x/xerrors v0.0.0-20191204190536-9bdfabe68543 h1:E7g+9GITq07hpfrRu66IVDexMakfv52eLZ2CXBWiKr4=
golang.org/x/xerrors v0.0.0-20191204190536-9bdfabe68543/go.mod h1:I/5z698sn9Ka8TeJc9MKroUUfqBBauWjQqLJ2OPfmY0=
google.golang.org/protobuf v1.33.0 h1:uNO2rsAINq/JlFpSdYEKIZ0uKD/R9cpdv0T+yoGwGmI=
google.golang.org/protobuf v1.33.0/go.mod h1:c6P6GXX6sHbq/GpV6MGZEdwhWPcYBgnhAHhKbcUYpos=
